{
  "name": "@mists/nestjs-metrics-prometheus",
  "version": "0.0.0",
  "lockfileVersion": 1,
  "requires": true,
  "dependencies": {
    "@types/body-parser": {
      "version": "1.19.0",
      "resolved": "https://registry.npmjs.org/@types/body-parser/-/body-parser-1.19.0.tgz",
      "integrity": "sha512-W98JrE0j2K78swW4ukqMleo8R7h/pFETjM2DQ90MF6XK2i4LO4W3gQ71Lt4w3bfm2EvVSyWHplECvB5sK22yFQ==",
      "dev": true,
      "requires": {
        "@types/connect": "*",
        "@types/node": "*"
      }
    },
    "@types/connect": {
      "version": "3.4.33",
      "resolved": "https://registry.npmjs.org/@types/connect/-/connect-3.4.33.tgz",
      "integrity": "sha512-2+FrkXY4zllzTNfJth7jOqEHC+enpLeGslEhpnTAkg21GkRrWV4SsAtqchtT4YS9/nODBU2/ZfsBY2X4J/dX7A==",
      "dev": true,
      "requires": {
        "@types/node": "*"
      }
    },
    "@types/express": {
      "version": "4.17.9",
      "resolved": "https://registry.npmjs.org/@types/express/-/express-4.17.9.tgz",
      "integrity": "sha512-SDzEIZInC4sivGIFY4Sz1GG6J9UObPwCInYJjko2jzOf/Imx/dlpume6Xxwj1ORL82tBbmN4cPDIDkLbWHk9hw==",
      "dev": true,
      "requires": {
        "@types/body-parser": "*",
        "@types/express-serve-static-core": "*",
        "@types/qs": "*",
        "@types/serve-static": "*"
      }
    },
    "@types/express-serve-static-core": {
      "version": "4.17.13",
      "resolved": "https://registry.npmjs.org/@types/express-serve-static-core/-/express-serve-static-core-4.17.13.tgz",
      "integrity": "sha512-RgDi5a4nuzam073lRGKTUIaL3eF2+H7LJvJ8eUnCI0wA6SNjXc44DCmWNiTLs/AZ7QlsFWZiw/gTG3nSQGL0fA==",
      "dev": true,
      "requires": {
        "@types/node": "*",
        "@types/qs": "*",
        "@types/range-parser": "*"
      }
    },
    "@types/mime": {
      "version": "2.0.3",
      "resolved": "https://registry.npmjs.org/@types/mime/-/mime-2.0.3.tgz",
      "integrity": "sha512-Jus9s4CDbqwocc5pOAnh8ShfrnMcPHuJYzVcSUU7lrh8Ni5HuIqX3oilL86p3dlTrk0LzHRCgA/GQ7uNCw6l2Q==",
      "dev": true
    },
    "@types/node": {
      "version": "14.14.7",
      "resolved": "https://registry.npmjs.org/@types/node/-/node-14.14.7.tgz",
      "integrity": "sha512-Zw1vhUSQZYw+7u5dAwNbIA9TuTotpzY/OF7sJM9FqPOF3SPjKnxrjoTktXDZgUjybf4cWVBP7O8wvKdSaGHweg==",
      "dev": true
    },
    "@types/qs": {
      "version": "6.9.5",
      "resolved": "https://registry.npmjs.org/@types/qs/-/qs-6.9.5.tgz",
      "integrity": "sha512-/JHkVHtx/REVG0VVToGRGH2+23hsYLHdyG+GrvoUGlGAd0ErauXDyvHtRI/7H7mzLm+tBCKA7pfcpkQ1lf58iQ==",
      "dev": true
    },
    "@types/range-parser": {
      "version": "1.2.3",
      "resolved": "https://registry.npmjs.org/@types/range-parser/-/range-parser-1.2.3.tgz",
      "integrity": "sha512-ewFXqrQHlFsgc09MK5jP5iR7vumV/BYayNC6PgJO2LPe8vrnNFyjQjSppfEngITi0qvfKtzFvgKymGheFM9UOA==",
      "dev": true
    },
    "@types/serve-static": {
      "version": "1.13.7",
      "resolved": "https://registry.npmjs.org/@types/serve-static/-/serve-static-1.13.7.tgz",
      "integrity": "sha512-3diZWucbR+xTmbDlU+FRRxBf+31OhFew7cJXML/zh9NmvSPTNoFecAwHB66BUqFgENJtqMiyl7JAwUE/siqdLw==",
      "dev": true,
      "requires": {
        "@types/mime": "*",
        "@types/node": "*"
      }
    },
    "@types/statsd-client": {
      "version": "0.4.1",
      "resolved": "https://registry.npmjs.org/@types/statsd-client/-/statsd-client-0.4.1.tgz",
      "integrity": "sha512-IjLR4oEHUJA2yetsnXF5twUfQI9KKPhbylqp2x51T6x5pEWw5ymuPGEFSaxNyQFYUA9boxDRw+QdeSs/3SQX4A==",
      "dev": true,
      "requires": {
        "@types/express": "*"
      }
    },
    "bintrees": {
      "version": "1.0.1",
      "resolved": "https://registry.npmjs.org/bintrees/-/bintrees-1.0.1.tgz",
      "integrity": "sha1-DmVcm5wkNeqraL9AJyJtK1WjRSQ="
    },
    "prom-client": {
      "version": "12.0.0",
      "resolved": "https://registry.npmjs.org/prom-client/-/prom-client-12.0.0.tgz",
      "integrity": "sha512-JbzzHnw0VDwCvoqf8y1WDtq4wSBAbthMB1pcVI/0lzdqHGJI3KBJDXle70XK+c7Iv93Gihqo0a5LlOn+g8+DrQ==",
      "requires": {
        "tdigest": "^0.1.1"
      }
    },
    "statsd-client": {
      "version": "0.4.5",
      "resolved": "https://registry.npmjs.org/statsd-client/-/statsd-client-0.4.5.tgz",
      "integrity": "sha512-tmTpFMxpBcq92CTMq81d1W47GEazy76Hi+aNKvKJloMplQZe+L1jekSg95YG8ieq6j2Q9MboCaLIMdsF20+eGg=="
    },
    "tdigest": {
      "version": "0.1.1",
      "resolved": "https://registry.npmjs.org/tdigest/-/tdigest-0.1.1.tgz",
      "integrity": "sha1-Ljyyw56kSeVdHmzZEReszKRYgCE=",
      "requires": {
        "bintrees": "1.0.1"
      }
    }
  }
}
